
Microsoft Visual Studio Solution File, Format Version 12.00
Project("{FAE04EC0-301F-11D3-BF4B-00C04F79EFBC}") = "Baseline", "Baseline\Baseline.csproj", "{66AEC9D7-4362-4EEF-9E5A-F8A9E7E0E3B4}"
EndProject
Project("{2150E333-8FDC-42A3-9474-1A3956D46DE8}") = "Solution Items", "Solution Items", "{8E1CAA0B-6A52-43FE-8CC3-5F2957AB5E23}"
	ProjectSection(SolutionItems) = preProject
		compose.yaml = compose.yaml
	EndProjectSection
EndProject
Global
	GlobalSection(SolutionConfigurationPlatforms) = preSolution
		Debug|Any CPU = Debug|Any CPU
		Release|Any CPU = Release|Any CPU
	EndGlobalSection
	GlobalSection(ProjectConfigurationPlatforms) = postSolution
		{66AEC9D7-4362-4EEF-9E5A-F8A9E7E0E3B4}.Debug|Any CPU.ActiveCfg = Debug|Any CPU
		{66AEC9D7-4362-4EEF-9E5A-F8A9E7E0E3B4}.Debug|Any CPU.Build.0 = Debug|Any CPU
		{66AEC9D7-4362-4EEF-9E5A-F8A9E7E0E3B4}.Release|Any CPU.ActiveCfg = Release|Any CPU
		{66AEC9D7-4362-4EEF-9E5A-F8A9E7E0E3B4}.Release|Any CPU.Build.0 = Release|Any CPU
	EndGlobalSection
EndGlobal
